
Microsoft Visual Studio Solution File, Format Version 12.00
# Visual Studio Version 17
VisualStudioVersion = 17.3.32901.215
MinimumVisualStudioVersion = 10.0.40219.1
Project("{FAE04EC0-301F-11D3-BF4B-00C04F79EFBC}") = "P4_Ejercicio1", "P4_Ejercicio1\P4_Ejercicio1.csproj", "{B83706CF-2441-4505-97DC-211023B9319A}"
EndProject
Global
	GlobalSection(SolutionConfigurationPlatforms) = preSolution
		Debug|Any CPU = Debug|Any CPU
		Release|Any CPU = Release|Any CPU
	EndGlobalSection
	GlobalSection(ProjectConfigurationPlatforms) = postSolution
		{B83706CF-2441-4505-97DC-211023B9319A}.Debug|Any CPU.ActiveCfg = Debug|Any CPU
		{B83706CF-2441-4505-97DC-211023B9319A}.Debug|Any CPU.Build.0 = Debug|Any CPU
		{B83706CF-2441-4505-97DC-211023B9319A}.Release|Any CPU.ActiveCfg = Release|Any CPU
		{B83706CF-2441-4505-97DC-211023B9319A}.Release|Any CPU.Build.0 = Release|Any CPU
	EndGlobalSection
	GlobalSection(SolutionProperties) = preSolution
		HideSolutionNode = FALSE
	EndGlobalSection
	GlobalSection(ExtensibilityGlobals) = postSolution
		SolutionGuid = {7D0FFF40-F5D3-4526-964C-1CDF222DE746}
	EndGlobalSection
EndGlobal
